
Microsoft Visual Studio Solution File, Format Version 12.00
# Visual Studio 15
VisualStudioVersion = 15.0.28307.168
MinimumVisualStudioVersion = 10.0.40219.1
Project("{FAE04EC0-301F-11D3-BF4B-00C04F79EFBC}") = "FileAnalyzer", "FileAnalyzer\FileAnalyzer.csproj", "{C8310D2B-0A57-41D1-90A7-7C32CAE1AE05}"
EndProject
Project("{FAE04EC0-301F-11D3-BF4B-00C04F79EFBC}") = "FileAnalyzerTest", "FileAnalyzerTest\FileAnalyzerTest\FileAnalyzerTest.csproj", "{168B7E93-A0CB-4F2E-8807-88BC45EE8AC0}"
EndProject
Global
	GlobalSection(SolutionConfigurationPlatforms) = preSolution
		Debug|Any CPU = Debug|Any CPU
		Release|Any CPU = Release|Any CPU
	EndGlobalSection
	GlobalSection(ProjectConfigurationPlatforms) = postSolution
		{C8310D2B-0A57-41D1-90A7-7C32CAE1AE05}.Debug|Any CPU.ActiveCfg = Debug|Any CPU
		{C8310D2B-0A57-41D1-90A7-7C32CAE1AE05}.Debug|Any CPU.Build.0 = Debug|Any CPU
		{C8310D2B-0A57-41D1-90A7-7C32CAE1AE05}.Release|Any CPU.ActiveCfg = Release|Any CPU
		{C8310D2B-0A57-41D1-90A7-7C32CAE1AE05}.Release|Any CPU.Build.0 = Release|Any CPU
		{168B7E93-A0CB-4F2E-8807-88BC45EE8AC0}.Debug|Any CPU.ActiveCfg = Debug|Any CPU
		{168B7E93-A0CB-4F2E-8807-88BC45EE8AC0}.Debug|Any CPU.Build.0 = Debug|Any CPU
		{168B7E93-A0CB-4F2E-8807-88BC45EE8AC0}.Release|Any CPU.ActiveCfg = Release|Any CPU
		{168B7E93-A0CB-4F2E-8807-88BC45EE8AC0}.Release|Any CPU.Build.0 = Release|Any CPU
	EndGlobalSection
	GlobalSection(SolutionProperties) = preSolution
		HideSolutionNode = FALSE
	EndGlobalSection
	GlobalSection(ExtensibilityGlobals) = postSolution
		SolutionGuid = {4E67EA4E-5C30-4FB5-BB83-BD3B0B9CF056}
	EndGlobalSection
EndGlobal
